
Microsoft Visual Studio Solution File, Format Version 12.00
Project("{FAE04EC0-301F-11D3-BF4B-00C04F79EFBC}") = "UnicornDatabaseIncidentJournalScript", "UnicornDatabaseIncidentJournalScript\UnicornDatabaseIncidentJournalScript.csproj", "{CC4CB552-E3D3-4DFB-9C76-15E840B899CF}"
EndProject
Global
	GlobalSection(SolutionConfigurationPlatforms) = preSolution
		Debug|Any CPU = Debug|Any CPU
		Release|Any CPU = Release|Any CPU
	EndGlobalSection
	GlobalSection(ProjectConfigurationPlatforms) = postSolution
		{CC4CB552-E3D3-4DFB-9C76-15E840B899CF}.Debug|Any CPU.ActiveCfg = Debug|Any CPU
		{CC4CB552-E3D3-4DFB-9C76-15E840B899CF}.Debug|Any CPU.Build.0 = Debug|Any CPU
		{CC4CB552-E3D3-4DFB-9C76-15E840B899CF}.Release|Any CPU.ActiveCfg = Release|Any CPU
		{CC4CB552-E3D3-4DFB-9C76-15E840B899CF}.Release|Any CPU.Build.0 = Release|Any CPU
	EndGlobalSection
EndGlobal
